
Microsoft Visual Studio Solution File, Format Version 12.00
# Visual Studio 15
VisualStudioVersion = 15.0.28010.2050
MinimumVisualStudioVersion = 10.0.40219.1
Project("{FAE04EC0-301F-11D3-BF4B-00C04F79EFBC}") = "Task_3", "Task_3\Task_3.csproj", "{3B3332BB-E049-4D77-B5A1-CD8C44AAFEC3}"
EndProject
Project("{FAE04EC0-301F-11D3-BF4B-00C04F79EFBC}") = "ClassLibrary", "ClassLibrary\ClassLibrary.csproj", "{DE6C708B-ECEA-4A9A-B88A-A41F662C15D4}"
EndProject
Global
	GlobalSection(SolutionConfigurationPlatforms) = preSolution
		Debug|Any CPU = Debug|Any CPU
		Release|Any CPU = Release|Any CPU
	EndGlobalSection
	GlobalSection(ProjectConfigurationPlatforms) = postSolution
		{3B3332BB-E049-4D77-B5A1-CD8C44AAFEC3}.Debug|Any CPU.ActiveCfg = Debug|Any CPU
		{3B3332BB-E049-4D77-B5A1-CD8C44AAFEC3}.Debug|Any CPU.Build.0 = Debug|Any CPU
		{3B3332BB-E049-4D77-B5A1-CD8C44AAFEC3}.Release|Any CPU.ActiveCfg = Release|Any CPU
		{3B3332BB-E049-4D77-B5A1-CD8C44AAFEC3}.Release|Any CPU.Build.0 = Release|Any CPU
		{DE6C708B-ECEA-4A9A-B88A-A41F662C15D4}.Debug|Any CPU.ActiveCfg = Debug|Any CPU
		{DE6C708B-ECEA-4A9A-B88A-A41F662C15D4}.Debug|Any CPU.Build.0 = Debug|Any CPU
		{DE6C708B-ECEA-4A9A-B88A-A41F662C15D4}.Release|Any CPU.ActiveCfg = Release|Any CPU
		{DE6C708B-ECEA-4A9A-B88A-A41F662C15D4}.Release|Any CPU.Build.0 = Release|Any CPU
	EndGlobalSection
	GlobalSection(SolutionProperties) = preSolution
		HideSolutionNode = FALSE
	EndGlobalSection
	GlobalSection(ExtensibilityGlobals) = postSolution
		SolutionGuid = {C17A8E54-3208-4375-A07C-196059AAD1CC}
	EndGlobalSection
EndGlobal
